{
  "nodes": {
    "angrr": {
      "inputs": {
        "flake-compat": [
          "flake-compat"
        ],
        "flake-parts": [
          "flake-parts"
        ],
        "nixpkgs": [
          "nixpkgs"
        ],
        "treefmt-nix": [
          "treefmt"
        ]
      },
      "locked": {
        "lastModified": 1758298697,
        "narHash": "sha256-3egJSGm+j9WHDKsynXO4H8yq/wqIvam3xSaT091Keow=",
        "owner": "linyinfeng",
        "repo": "angrr",
        "rev": "7cafe2f1946994bfaee11a69f418f27d83c84fce",
        "type": "github"
      },
      "original": {
        "owner": "linyinfeng",
        "repo": "angrr",
        "type": "github"
      }
    },
    "base16": {
      "inputs": {
        "fromYaml": "fromYaml"
      },
      "locked": {
        "lastModified": 1755819240,
        "narHash": "sha256-qcMhnL7aGAuFuutH4rq9fvAhCpJWVHLcHVZLtPctPlo=",
        "owner": "SenchoPens",
        "repo": "base16.nix",
        "rev": "75ed5e5e3fce37df22e49125181fa37899c3ccd6",
        "type": "github"
      },
      "original": {
        "owner": "SenchoPens",
        "repo": "base16.nix",
        "type": "github"
      }
    },
    "base16-fish": {
      "flake": false,
      "locked": {
        "lastModified": 1622559957,
        "narHash": "sha256-PebymhVYbL8trDVVXxCvZgc0S5VxI7I1Hv4RMSquTpA=",
        "owner": "tomyun",
        "repo": "base16-fish",
        "rev": "2f6dd973a9075dabccd26f1cded09508180bf5fe",
        "type": "github"
      },
      "original": {
        "owner": "tomyun",
        "repo": "base16-fish",
        "type": "github"
      }
    },
    "base16-helix": {
      "flake": false,
      "locked": {
        "lastModified": 1752979451,
        "narHash": "sha256-0CQM+FkYy0fOO/sMGhOoNL80ftsAzYCg9VhIrodqusM=",
        "owner": "tinted-theming",
        "repo": "base16-helix",
        "rev": "27cf1e66e50abc622fb76a3019012dc07c678fac",
        "type": "github"
      },
      "original": {
        "owner": "tinted-theming",
        "repo": "base16-helix",
        "type": "github"
      }
    },
    "base16-vim": {
      "flake": false,
      "locked": {
        "lastModified": 1732806396,
        "narHash": "sha256-e0bpPySdJf0F68Ndanwm+KWHgQiZ0s7liLhvJSWDNsA=",
        "owner": "tinted-theming",
        "repo": "base16-vim",
        "rev": "577fe8125d74ff456cf942c733a85d769afe58b7",
        "type": "github"
      },
      "original": {
        "owner": "tinted-theming",
        "repo": "base16-vim",
        "rev": "577fe8125d74ff456cf942c733a85d769afe58b7",
        "type": "github"
      }
    },
    "bash-env-json": {
      "inputs": {
        "flake-utils": [
          "flake-utils"
        ],
        "nixpkgs": [
          "nixpkgs"
        ]
      },
      "locked": {
        "lastModified": 1739453597,
        "narHash": "sha256-gyqj5r11DOfXd23LT7qwRLEoWvpHUbxbd28QJnlWTaQ=",
        "owner": "tesujimath",
        "repo": "bash-env-json",
        "rev": "0a02cf14cb7ff975c9eab9e77fae3413e61a91af",
        "type": "github"
      },
      "original": {
        "owner": "tesujimath",
        "repo": "bash-env-json",
        "type": "github"
      }
    },
    "bash-env-nushell": {
      "inputs": {
        "bash-env-json": [
          "bash-env-json"
        ],
        "flake-utils": [
          "flake-utils"
        ],
        "nixpkgs": [
          "nixpkgs"
        ]
      },
      "locked": {
        "lastModified": 1753737917,
        "narHash": "sha256-iNskiGPB4PANxlnCMzAxqkkwfsukWR5AFW5o86g/oP8=",
        "owner": "tesujimath",
        "repo": "bash-env-nushell",
        "rev": "f555b9b4ba1f90185cb02c02df4f027dada59767",
        "type": "github"
      },
      "original": {
        "owner": "tesujimath",
        "repo": "bash-env-nushell",
        "type": "github"
      }
    },
    "caelestia-cli": {
      "inputs": {
        "caelestia-shell": "caelestia-shell",
        "nixpkgs": [
          "nixpkgs"
        ]
      },
      "locked": {
        "lastModified": 1758506358,
        "narHash": "sha256-Z+Lx8SoVUwRdvOUkMB6G8Hg93lrQWu2P9JkbCEQm+qA=",
        "owner": "caelestia-dots",
        "repo": "cli",
        "rev": "7fc5bcca1a71ceab8e41ab2f075f7afbc64c9bcd",
        "type": "github"
      },
      "original": {
        "owner": "caelestia-dots",
        "repo": "cli",
        "type": "github"
      }
    },
    "caelestia-shell": {
      "inputs": {
        "caelestia-cli": [
          "caelestia-cli"
        ],
        "nixpkgs": [
          "caelestia-cli",
          "nixpkgs"
        ],
        "quickshell": "quickshell"
      },
      "locked": {
        "lastModified": 1758465528,
        "narHash": "sha256-E6eubPP+fHmTfWKs3F5TT2f2SceD4cuIk5cGsMXfZ3M=",
        "owner": "caelestia-dots",
        "repo": "shell",
        "rev": "229eaa284d4fbd5e4b5a27d16746f78b764e1ee8",
        "type": "github"
      },
      "original": {
        "owner": "caelestia-dots",
        "repo": "shell",
        "type": "github"
      }
    },
    "caelestia-shell_2": {
      "inputs": {
        "caelestia-cli": [
          "caelestia-cli"
        ],
        "nixpkgs": [
          "nixpkgs"
        ],
        "quickshell": "quickshell_2"
      },
      "locked": {
        "lastModified": 1758549429,
        "narHash": "sha256-E1gAD4EEkDzHYZmJ3CNAGKr4ZzOgzaxenO48MEhABiY=",
        "owner": "caelestia-dots",
        "repo": "shell",
        "rev": "1dad7d52ea19ef15f716a00d7845045dbbe2fc49",
        "type": "github"
      },
      "original": {
        "owner": "caelestia-dots",
        "repo": "shell",
        "type": "github"
      }
    },
    "chaotic-nyx": {
      "inputs": {
        "flake-schemas": "flake-schemas",
        "home-manager": [
          "home-manager"
        ],
        "jovian": [
          "jovian"
        ],
        "nixpkgs": [
          "nixpkgs"
        ],
        "rust-overlay": "rust-overlay"
      },
      "locked": {
        "lastModified": 1758540151,
        "narHash": "sha256-5emcCJqkkpInzhyCGUXXcktPjNQInRHzCvHzP/2XspY=",
        "owner": "chaotic-cx",
        "repo": "nyx",
        "rev": "c2bc079a4179295eee766d00b9ae264e68e13db9",
        "type": "github"
      },
      "original": {
        "owner": "chaotic-cx",
        "ref": "nyxpkgs-unstable",
        "repo": "nyx",
        "type": "github"
      }
    },
    "crane": {
      "locked": {
        "lastModified": 1731098351,
        "narHash": "sha256-HQkYvKvaLQqNa10KEFGgWHfMAbWBfFp+4cAgkut+NNE=",
        "owner": "ipetkov",
        "repo": "crane",
        "rev": "ef80ead953c1b28316cc3f8613904edc2eb90c28",
        "type": "github"
      },
      "original": {
        "owner": "ipetkov",
        "repo": "crane",
        "type": "github"
      }
    },
    "crtified-nur": {
      "flake": false,
      "locked": {
        "lastModified": 1714581643,
        "narHash": "sha256-yxH9Lh7LodTb1t3chL/LIGzUD5nlLMKEOs/nSSJSQKo=",
        "owner": "CRTified",
        "repo": "nur-packages",
        "rev": "8346841a2d80d108989abbd1adfb3d065a135da6",
        "type": "github"
      },
      "original": {
        "owner": "CRTified",
        "repo": "nur-packages",
        "type": "github"
      }
    },
    "devenv": {
      "inputs": {
        "cachix": [],
        "flake-compat": [
          "flake-compat"
        ],
        "flake-parts": "flake-parts",
        "git-hooks": "git-hooks",
        "nix": "nix",
        "nixpkgs": [
          "nixpkgs"
        ]
      },
      "locked": {
        "lastModified": 1758578119,
        "narHash": "sha256-gQ4tWrxpG43cCTEnFqbdcKOB00l4s7VsRIJAxpRgSE0=",
        "owner": "cachix",
        "repo": "devenv",
        "rev": "56782ef9e6fec7fc5cbbbd88f04ce114faac2e35",
        "type": "github"
      },
      "original": {
        "owner": "cachix",
        "repo": "devenv",
        "type": "github"
      }
    },
    "devenv-root": {
      "flake": false,
      "locked": {
        "narHash": "sha256-d6xi4mKdjkX2JFicDIv5niSzpyI0m/Hnm8GGAIU04kY=",
        "type": "file",
        "url": "file:///dev/null"
      },
      "original": {
        "type": "file",
        "url": "file:///dev/null"
      }
    },
    "disko": {
      "inputs": {
        "nixpkgs": [
          "nixpkgs"
        ]
      },
      "locked": {
        "lastModified": 1746728054,
        "narHash": "sha256-eDoSOhxGEm2PykZFa/x9QG5eTH0MJdiJ9aR00VAofXE=",
        "owner": "nix-community",
        "repo": "disko",
        "rev": "ff442f5d1425feb86344c028298548024f21256d",
        "type": "github"
      },
      "original": {
        "owner": "nix-community",
        "ref": "latest",
        "repo": "disko",
        "type": "github"
      }
    },
    "erosanix": {
      "inputs": {
        "flake-compat": [
          "flake-compat"
        ],
        "nixpkgs": [
          "nixpkgs"
        ]
      },
      "locked": {
        "lastModified": 1758563670,
        "narHash": "sha256-OpONJtNK8tUrrjInHZHbqdf53NtyRmeU/TIb2RjmAcY=",
        "owner": "emmanuelrosa",
        "repo": "erosanix",
        "rev": "b87b01284680ede7b4298ab15e47464531bc60ff",
        "type": "github"
      },
      "original": {
        "owner": "emmanuelrosa",
        "repo": "erosanix",
        "type": "github"
      }
    },
    "firefox-gnome-theme": {
      "flake": false,
      "locked": {
        "lastModified": 1756083905,
        "narHash": "sha256-UqYGTBgI5ypGh0Kf6zZjom/vABg7HQocB4gmxzl12uo=",
        "owner": "rafaelmardojai",
        "repo": "firefox-gnome-theme",
        "rev": "b655eaf16d4cbec9c3472f62eee285d4b419a808",
        "type": "github"
      },
      "original": {
        "owner": "rafaelmardojai",
        "repo": "firefox-gnome-theme",
        "type": "github"
      }
    },
    "firefox-ultima": {
      "flake": false,
      "locked": {
        "lastModified": 1758491282,
        "narHash": "sha256-fHoYhdvUbBrkKpbkosgPdAFSmPdyULHaCJ5wgAjiaq0=",
        "owner": "soulhotel",
        "repo": "FF-ULTIMA",
        "rev": "fdee4f898f9e7f7d80599e3bbfbf7c6263d0a3c5",
        "type": "github"
      },
      "original": {
        "owner": "soulhotel",
        "repo": "FF-ULTIMA",
        "type": "github"
      }
    },
    "flake-compat": {
      "flake": false,
      "locked": {
        "lastModified": 1747046372,
        "narHash": "sha256-CIVLLkVgvHYbgI2UpXvIIBJ12HWgX+fjA8Xf8PUmqCY=",
        "owner": "edolstra",
        "repo": "flake-compat",
        "rev": "9100a0f413b0c601e0533d1d94ffd501ce2e7885",
        "type": "github"
      },
      "original": {
        "owner": "edolstra",
        "repo": "flake-compat",
        "type": "github"
      }
    },
    "flake-parts": {
      "inputs": {
        "nixpkgs-lib": [
          "devenv",
          "nixpkgs"
        ]
      },
      "locked": {
        "lastModified": 1756770412,
        "narHash": "sha256-+uWLQZccFHwqpGqr2Yt5VsW/PbeJVTn9Dk6SHWhNRPw=",
        "owner": "hercules-ci",
        "repo": "flake-parts",
        "rev": "4524271976b625a4a605beefd893f270620fd751",
        "type": "github"
      },
      "original": {
        "owner": "hercules-ci",
        "repo": "flake-parts",
        "type": "github"
      }
    },
    "flake-parts_2": {
      "inputs": {
        "nixpkgs-lib": [
          "nixpkgs"
        ]
      },
      "locked": {
        "lastModified": 1756770412,
        "narHash": "sha256-+uWLQZccFHwqpGqr2Yt5VsW/PbeJVTn9Dk6SHWhNRPw=",
        "owner": "hercules-ci",
        "repo": "flake-parts",
        "rev": "4524271976b625a4a605beefd893f270620fd751",
        "type": "github"
      },
      "original": {
        "owner": "hercules-ci",
        "repo": "flake-parts",
        "type": "github"
      }
    },
    "flake-schemas": {
      "locked": {
        "lastModified": 1721999734,
        "narHash": "sha256-G5CxYeJVm4lcEtaO87LKzOsVnWeTcHGKbKxNamNWgOw=",
        "rev": "0a5c42297d870156d9c57d8f99e476b738dcd982",
        "revCount": 75,
        "type": "tarball",
        "url": "https://api.flakehub.com/f/pinned/DeterminateSystems/flake-schemas/0.1.5/0190ef2f-61e0-794b-ba14-e82f225e55e6/source.tar.gz"
      },
      "original": {
        "type": "tarball",
        "url": "https://flakehub.com/f/DeterminateSystems/flake-schemas/%3D0.1.5.tar.gz"
      }
    },
    "flake-utils": {
      "inputs": {
        "systems": [
          "systems"
        ]
      },
      "locked": {
        "lastModified": 1731533236,
        "narHash": "sha256-l0KFg5HjrsfsO/JpG+r7fRrqm12kzFHyUHqHCVpMMbI=",
        "owner": "numtide",
        "repo": "flake-utils",
        "rev": "11707dc2f618dd54ca8739b309ec4fc024de578b",
        "type": "github"
      },
      "original": {
        "owner": "numtide",
        "repo": "flake-utils",
        "type": "github"
      }
    },
    "flakey-profile": {
      "locked": {
        "lastModified": 1712898590,
        "narHash": "sha256-FhGIEU93VHAChKEXx905TSiPZKga69bWl1VB37FK//I=",
        "owner": "lf-",
        "repo": "flakey-profile",
        "rev": "243c903fd8eadc0f63d205665a92d4df91d42d9d",
        "type": "github"
      },
      "original": {
        "owner": "lf-",
        "repo": "flakey-profile",
        "type": "github"
      }
    },
    "fromYaml": {
      "flake": false,
      "locked": {
        "lastModified": 1731966426,
        "narHash": "sha256-lq95WydhbUTWig/JpqiB7oViTcHFP8Lv41IGtayokA8=",
        "owner": "SenchoPens",
        "repo": "fromYaml",
        "rev": "106af9e2f715e2d828df706c386a685698f3223b",
        "type": "github"
      },
      "original": {
        "owner": "SenchoPens",
        "repo": "fromYaml",
        "type": "github"
      }
    },
    "git-hooks": {
      "inputs": {
        "flake-compat": [
          "devenv",
          "flake-compat"
        ],
        "gitignore": "gitignore",
        "nixpkgs": [
          "devenv",
          "nixpkgs"
        ]
      },
      "locked": {
        "lastModified": 1758108966,
        "narHash": "sha256-ytw7ROXaWZ7OfwHrQ9xvjpUWeGVm86pwnEd1QhzawIo=",
        "owner": "cachix",
        "repo": "git-hooks.nix",
        "rev": "54df955a695a84cd47d4a43e08e1feaf90b1fd9b",
        "type": "github"
      },
      "original": {
        "owner": "cachix",
        "repo": "git-hooks.nix",
        "type": "github"
      }
    },
    "git-hooks_2": {
      "inputs": {
        "flake-compat": [
          "flake-compat"
        ],
        "gitignore": "gitignore_2",
        "nixpkgs": [
          "nixpkgs"
        ]
      },
      "locked": {
        "lastModified": 1758108966,
        "narHash": "sha256-ytw7ROXaWZ7OfwHrQ9xvjpUWeGVm86pwnEd1QhzawIo=",
        "owner": "cachix",
        "repo": "git-hooks.nix",
        "rev": "54df955a695a84cd47d4a43e08e1feaf90b1fd9b",
        "type": "github"
      },
      "original": {
        "owner": "cachix",
        "repo": "git-hooks.nix",
        "type": "github"
      }
    },
    "gitignore": {
      "inputs": {
        "nixpkgs": [
          "devenv",
          "git-hooks",
          "nixpkgs"
        ]
      },
      "locked": {
        "lastModified": 1709087332,
        "narHash": "sha256-HG2cCnktfHsKV0s4XW83gU3F57gaTljL9KNSuG6bnQs=",
        "owner": "hercules-ci",
        "repo": "gitignore.nix",
        "rev": "637db329424fd7e46cf4185293b9cc8c88c95394",
        "type": "github"
      },
      "original": {
        "owner": "hercules-ci",
        "repo": "gitignore.nix",
        "type": "github"
      }
    },
    "gitignore_2": {
      "inputs": {
        "nixpkgs": [
          "git-hooks",
          "nixpkgs"
        ]
      },
      "locked": {
        "lastModified": 1709087332,
        "narHash": "sha256-HG2cCnktfHsKV0s4XW83gU3F57gaTljL9KNSuG6bnQs=",
        "owner": "hercules-ci",
        "repo": "gitignore.nix",
        "rev": "637db329424fd7e46cf4185293b9cc8c88c95394",
        "type": "github"
      },
      "original": {
        "owner": "hercules-ci",
        "repo": "gitignore.nix",
        "type": "github"
      }
    },
    "gnome-shell": {
      "flake": false,
      "locked": {
        "lastModified": 1748186689,
        "narHash": "sha256-UaD7Y9f8iuLBMGHXeJlRu6U1Ggw5B9JnkFs3enZlap0=",
        "owner": "GNOME",
        "repo": "gnome-shell",
        "rev": "8c88f917db0f1f0d80fa55206c863d3746fa18d0",
        "type": "github"
      },
      "original": {
        "owner": "GNOME",
        "ref": "48.2",
        "repo": "gnome-shell",
        "type": "github"
      }
    },
    "home-manager": {
      "inputs": {
        "nixpkgs": [
          "nixpkgs"
        ]
      },
      "locked": {
        "lastModified": 1758545873,
        "narHash": "sha256-0VP5cVd6DyibHNPC/IJ5Ut+KuNYUeKmr5ltzf+IcpjA=",
        "owner": "nix-community",
        "repo": "home-manager",
        "rev": "de5369834ff1f75246c46be89ef993392e961c26",
        "type": "github"
      },
      "original": {
        "owner": "nix-community",
        "repo": "home-manager",
        "type": "github"
      }
    },
    "impermanence": {
      "locked": {
        "lastModified": 1737831083,
        "narHash": "sha256-LJggUHbpyeDvNagTUrdhe/pRVp4pnS6wVKALS782gRI=",
        "owner": "nix-community",
        "repo": "impermanence",
        "rev": "4b3e914cdf97a5b536a889e939fb2fd2b043a170",
        "type": "github"
      },
      "original": {
        "owner": "nix-community",
        "repo": "impermanence",
        "type": "github"
      }
    },
    "jovian": {
      "inputs": {
        "nix-github-actions": [],
        "nixpkgs": [
          "nixpkgs"
        ]
      },
      "locked": {
        "lastModified": 1757230583,
        "narHash": "sha256-4uqu7sFPOaVTCogsxaGMgbzZ2vK40GVGMfUmrvK3/LY=",
        "owner": "Jovian-Experiments",
        "repo": "Jovian-NixOS",
        "rev": "fc3960e6c32c9d4f95fff2ef84444284d24d3bea",
        "type": "github"
      },
      "original": {
        "owner": "Jovian-Experiments",
        "repo": "Jovian-NixOS",
        "type": "github"
      }
    },
    "lanzaboote": {
      "inputs": {
        "crane": "crane",
        "flake-compat": [
          "flake-compat"
        ],
        "flake-parts": [
          "flake-parts"
        ],
        "nixpkgs": [
          "nixpkgs"
        ],
        "pre-commit-hooks-nix": [
          "git-hooks"
        ],
        "rust-overlay": "rust-overlay_2"
      },
      "locked": {
        "lastModified": 1737639419,
        "narHash": "sha256-AEEDktApTEZ5PZXNDkry2YV2k6t0dTgLPEmAZbnigXU=",
        "owner": "nix-community",
        "repo": "lanzaboote",
        "rev": "a65905a09e2c43ff63be8c0e86a93712361f871e",
        "type": "github"
      },
      "original": {
        "owner": "nix-community",
        "ref": "v0.4.2",
        "repo": "lanzaboote",
        "type": "github"
      }
    },
    "lix": {
      "flake": false,
      "locked": {
        "lastModified": 1757791921,
        "narHash": "sha256-83qbJckLOLrAsKO88UI9N4QRatNEc3gUFtLMiAPwK0g=",
        "ref": "release-2.93",
        "rev": "b7c2f17e9133e8b85d41c58b52f9d4e3254f41da",
        "revCount": 17892,
        "type": "git",
        "url": "https://git.lix.systems/lix-project/lix.git"
      },
      "original": {
        "ref": "release-2.93",
        "type": "git",
        "url": "https://git.lix.systems/lix-project/lix.git"
      }
    },
    "lix-module": {
      "inputs": {
        "flake-utils": [
          "flake-utils"
        ],
        "flakey-profile": "flakey-profile",
        "lix": [
          "lix"
        ],
        "nixpkgs": [
          "nixpkgs"
        ]
      },
      "locked": {
        "lastModified": 1756125859,
        "narHash": "sha256-6a+PWILmqHCs9B5eIBLg6HSZ8jYweZpgOWO8FlyVwYI=",
        "ref": "release-2.93",
        "rev": "d3292125035b04df00d01549a26e948631fabe1e",
        "revCount": 156,
        "type": "git",
        "url": "https://git.lix.systems/lix-project/nixos-module.git"
      },
      "original": {
        "ref": "release-2.93",
        "type": "git",
        "url": "https://git.lix.systems/lix-project/nixos-module.git"
      }
    },
    "mcpo": {
      "flake": false,
      "locked": {
        "narHash": "sha256-4ieP92lZzzocqwp018DaAOF3j+CXQ/vPr+eJWNLy6mg=",
        "type": "file",
        "url": "https://raw.githubusercontent.com/codgician/nixpkgs/refs/heads/mcpo-init/pkgs/development/python-modules/mcpo/default.nix"
      },
      "original": {
        "type": "file",
        "url": "https://raw.githubusercontent.com/codgician/nixpkgs/refs/heads/mcpo-init/pkgs/development/python-modules/mcpo/default.nix"
      }
    },
    "nil": {
      "inputs": {
        "nixpkgs": [
          "nixpkgs"
        ]
      },
      "locked": {
        "lastModified": 1757219451,
        "narHash": "sha256-ImGN436GYd50HjoKTeRK+kWYIU/7PkDv15UmoUCPDUk=",
        "owner": "oxalica",
        "repo": "nil",
        "rev": "01e573c9e31ba3be7eaa848ba7dfcbd04260163e",
        "type": "github"
      },
      "original": {
        "owner": "oxalica",
        "ref": "main",
        "repo": "nil",
        "type": "github"
      }
    },
    "nix": {
      "inputs": {
        "flake-compat": [
          "devenv",
          "flake-compat"
        ],
        "flake-parts": [
          "devenv",
          "flake-parts"
        ],
        "git-hooks-nix": [
          "devenv",
          "git-hooks"
        ],
        "nixpkgs": [
          "devenv",
          "nixpkgs"
        ],
        "nixpkgs-23-11": [
          "devenv"
        ],
        "nixpkgs-regression": [
          "devenv"
        ]
      },
      "locked": {
        "lastModified": 1755029779,
        "narHash": "sha256-3+GHIYGg4U9XKUN4rg473frIVNn8YD06bjwxKS1IPrU=",
        "owner": "cachix",
        "repo": "nix",
        "rev": "b0972b0eee6726081d10b1199f54de6d2917f861",
        "type": "github"
      },
      "original": {
        "owner": "cachix",
        "ref": "devenv-2.30.4",
        "repo": "nix",
        "type": "github"
      }
    },
    "nix-alien": {
      "inputs": {
        "flake-compat": [
          "flake-compat"
        ],
        "nix-index-database": "nix-index-database",
        "nixpkgs": [
          "nixpkgs"
        ]
      },
      "locked": {
        "lastModified": 1757920634,
        "narHash": "sha256-MNxTc+dncIHFGKQRyAqI/Clttp3JICaSUKlMUQ6l9jc=",
        "owner": "thiagokokada",
        "repo": "nix-alien",
        "rev": "f8a51ef800bc8b7420998415035f9c086eb64d5c",
        "type": "github"
      },
      "original": {
        "owner": "thiagokokada",
        "repo": "nix-alien",
        "type": "github"
      }
    },
    "nix-filter": {
      "locked": {
        "lastModified": 1731533336,
        "narHash": "sha256-oRam5PS1vcrr5UPgALW0eo1m/5/pls27Z/pabHNy2Ms=",
        "owner": "numtide",
        "repo": "nix-filter",
        "rev": "f7653272fd234696ae94229839a99b73c9ab7de0",
        "type": "github"
      },
      "original": {
        "owner": "numtide",
        "repo": "nix-filter",
        "type": "github"
      }
    },
    "nix-index-database": {
      "inputs": {
        "nixpkgs": [
          "nix-alien",
          "nixpkgs"
        ]
      },
      "locked": {
        "lastModified": 1757822619,
        "narHash": "sha256-3HIpe3P2h1AUPYcAH9cjuX0tZOqJpX01c0iDwoUYNZ8=",
        "owner": "nix-community",
        "repo": "nix-index-database",
        "rev": "050a5feb5d1bb5b6e5fc04a7d3d816923a87c9ea",
        "type": "github"
      },
      "original": {
        "owner": "nix-community",
        "repo": "nix-index-database",
        "type": "github"
      }
    },
    "nix4vscode": {
      "inputs": {
        "nixpkgs": [
          "nixpkgs"
        ],
        "rust-overlay": "rust-overlay_3",
        "systems": [
          "systems"
        ]
      },
      "locked": {
        "lastModified": 1741697217,
        "narHash": "sha256-fiDT6RPzZG3tHABOpohedAg1MARgfa7P7C7TLMMyFuc=",
        "owner": "nix-community",
        "repo": "nix4vscode",
        "rev": "00fb8f2484fc0dace4801974777f988ff7929057",
        "type": "github"
      },
      "original": {
        "owner": "nix-community",
        "ref": "nix4vscode-v0.0.8",
        "repo": "nix4vscode",
        "type": "github"
      }
    },
    "nixarr": {
      "inputs": {
        "nixpkgs": [
          "nixpkgs"
        ],
        "vpnconfinement": "vpnconfinement",
        "website-builder": []
      },
      "locked": {
        "lastModified": 1755601892,
        "narHash": "sha256-4FECnCcaUVQHnocuuu/KRldPW2yj7hFpd1F7bfWxTxY=",
        "owner": "rasmus-kirk",
        "repo": "nixarr",
        "rev": "c6cd890fa028ec2a8d735a121cb0a161d265101c",
        "type": "github"
      },
      "original": {
        "owner": "rasmus-kirk",
        "repo": "nixarr",
        "type": "github"
      }
    },
    "nixos-generators": {
      "inputs": {
        "nixlib": [
          "nixpkgs"
        ],
        "nixpkgs": [
          "nixpkgs"
        ]
      },
      "locked": {
        "lastModified": 1751903740,
        "narHash": "sha256-PeSkNMvkpEvts+9DjFiop1iT2JuBpyknmBUs0Un0a4I=",
        "owner": "nix-community",
        "repo": "nixos-generators",
        "rev": "032decf9db65efed428afd2fa39d80f7089085eb",
        "type": "github"
      },
      "original": {
        "owner": "nix-community",
        "repo": "nixos-generators",
        "type": "github"
      }
    },
    "nixos-hardware": {
      "locked": {
        "lastModified": 1757943327,
        "narHash": "sha256-w6cDExPBqbq7fTLo4dZ1ozDGeq3yV6dSN4n/sAaS6OM=",
        "owner": "nixos",
        "repo": "nixos-hardware",
        "rev": "67a709cfe5d0643dafd798b0b613ed579de8be05",
        "type": "github"
      },
      "original": {
        "owner": "nixos",
        "repo": "nixos-hardware",
        "type": "github"
      }
    },
    "nixos-wsl": {
      "inputs": {
        "flake-compat": [
          "flake-compat"
        ],
        "nixpkgs": [
          "nixpkgs"
        ]
      },
      "locked": {
        "lastModified": 1758545267,
        "narHash": "sha256-/qTq2MHOOy+QB6Znz0k2TmomUzq8FsYN6NGhdpW7BQw=",
        "owner": "nix-community",
        "repo": "NixOS-WSL",
        "rev": "a36f84cc858bc139e175c17f64fe699d2dacb755",
        "type": "github"
      },
      "original": {
        "owner": "nix-community",
        "repo": "NixOS-WSL",
        "type": "github"
      }
    },
    "nixpkgs": {
      "locked": {
        "lastModified": 1736320768,
        "narHash": "sha256-nIYdTAiKIGnFNugbomgBJR+Xv5F1ZQU+HfaBqJKroC0=",
        "owner": "NixOS",
        "repo": "nixpkgs",
        "rev": "4bc9c909d9ac828a039f288cf872d16d38185db8",
        "type": "github"
      },
      "original": {
        "owner": "NixOS",
        "ref": "nixpkgs-unstable",
        "repo": "nixpkgs",
        "type": "github"
      }
    },
    "nixpkgs_2": {
      "locked": {
        "lastModified": 1758277210,
        "narHash": "sha256-iCGWf/LTy+aY0zFu8q12lK8KuZp7yvdhStehhyX1v8w=",
        "owner": "nixos",
        "repo": "nixpkgs",
        "rev": "8eaee110344796db060382e15d3af0a9fc396e0e",
        "type": "github"
      },
      "original": {
        "owner": "nixos",
        "ref": "nixos-unstable",
        "repo": "nixpkgs",
        "type": "github"
      }
    },
    "nixput": {
      "inputs": {
        "devenv": [
          "devenv"
        ],
        "flake-parts": [
          "flake-parts"
        ],
        "home-manager": [
          "home-manager"
        ],
        "nixpkgs": [
          "nixpkgs"
        ],
        "treefmt": [
          "treefmt"
        ]
      },
      "locked": {
        "lastModified": 1758305384,
        "narHash": "sha256-oX87GVOaHY6rikoT4h95eQUj4ZYgZyY1M6E1qfJScmA=",
        "owner": "DaRacci",
        "repo": "nixput",
        "rev": "d0e756591160e130b82046555e5ecd2c89691670",
        "type": "github"
      },
      "original": {
        "owner": "DaRacci",
        "repo": "nixput",
        "type": "github"
      }
    },
    "nixvirt": {
      "inputs": {
        "nixpkgs": [
          "nixpkgs"
        ]
      },
      "locked": {
        "lastModified": 1748140003,
        "narHash": "sha256-DNBZmuk1YRM2PmwbHzVdXumRjCUzQkMarg4iI/37rOQ=",
        "owner": "AshleyYakeley",
        "repo": "NixVirt",
        "rev": "5dfe108fd859b122f9a96981cb6bc12297653d6c",
        "type": "github"
      },
      "original": {
        "owner": "AshleyYakeley",
        "repo": "NixVirt",
        "type": "github"
      }
    },
    "quickshell": {
      "inputs": {
        "nixpkgs": [
          "caelestia-cli",
          "caelestia-shell",
          "nixpkgs"
        ]
      },
      "locked": {
        "lastModified": 1758273351,
        "narHash": "sha256-wOv1guIi9THD1NjOtBU2Xh/Avg9xv7nIjsfFSkr1NeQ=",
        "ref": "refs/heads/master",
        "rev": "e9a574d919a89602d2868621576b2ccae54a5cb0",
        "revCount": 675,
        "type": "git",
        "url": "https://git.outfoxxed.me/outfoxxed/quickshell"
      },
      "original": {
        "type": "git",
        "url": "https://git.outfoxxed.me/outfoxxed/quickshell"
      }
    },
    "quickshell_2": {
      "inputs": {
        "nixpkgs": [
          "caelestia-shell",
          "nixpkgs"
        ]
      },
      "locked": {
        "lastModified": 1758273351,
        "narHash": "sha256-wOv1guIi9THD1NjOtBU2Xh/Avg9xv7nIjsfFSkr1NeQ=",
        "ref": "refs/heads/master",
        "rev": "e9a574d919a89602d2868621576b2ccae54a5cb0",
        "revCount": 675,
        "type": "git",
        "url": "https://git.outfoxxed.me/outfoxxed/quickshell"
      },
      "original": {
        "type": "git",
        "url": "https://git.outfoxxed.me/outfoxxed/quickshell"
      }
    },
    "root": {
      "inputs": {
        "angrr": "angrr",
        "bash-env-json": "bash-env-json",
        "bash-env-nushell": "bash-env-nushell",
        "caelestia-cli": "caelestia-cli",
        "caelestia-shell": "caelestia-shell_2",
        "chaotic-nyx": "chaotic-nyx",
        "crtified-nur": "crtified-nur",
        "devenv": "devenv",
        "devenv-root": "devenv-root",
        "disko": "disko",
        "erosanix": "erosanix",
        "firefox-ultima": "firefox-ultima",
        "flake-compat": "flake-compat",
        "flake-parts": "flake-parts_2",
        "flake-utils": "flake-utils",
        "git-hooks": "git-hooks_2",
        "home-manager": "home-manager",
        "impermanence": "impermanence",
        "jovian": "jovian",
        "lanzaboote": "lanzaboote",
        "lix": "lix",
        "lix-module": "lix-module",
        "mcpo": "mcpo",
        "nil": "nil",
        "nix-alien": "nix-alien",
        "nix4vscode": "nix4vscode",
        "nixarr": "nixarr",
        "nixos-generators": "nixos-generators",
        "nixos-hardware": "nixos-hardware",
        "nixos-wsl": "nixos-wsl",
        "nixpkgs": "nixpkgs_2",
        "nixput": "nixput",
        "nixvirt": "nixvirt",
        "sops-nix": "sops-nix",
        "stylix": "stylix",
        "systems": "systems_2",
        "treefmt": "treefmt",
        "vscode-extensions": "vscode-extensions",
        "winapps": "winapps"
      }
    },
    "rust-overlay": {
      "inputs": {
        "nixpkgs": [
          "chaotic-nyx",
          "nixpkgs"
        ]
      },
      "locked": {
        "lastModified": 1758422215,
        "narHash": "sha256-JvF5SXhp1wBHbfEVAWgJCDVSO8iknfDqXfqMch5YWg0=",
        "owner": "oxalica",
        "repo": "rust-overlay",
        "rev": "6f3988eb5885f1e2efa874a480d91de09a7f9f0b",
        "type": "github"
      },
      "original": {
        "owner": "oxalica",
        "repo": "rust-overlay",
        "type": "github"
      }
    },
    "rust-overlay_2": {
      "inputs": {
        "nixpkgs": [
          "lanzaboote",
          "nixpkgs"
        ]
      },
      "locked": {
        "lastModified": 1731897198,
        "narHash": "sha256-Ou7vLETSKwmE/HRQz4cImXXJBr/k9gp4J4z/PF8LzTE=",
        "owner": "oxalica",
        "repo": "rust-overlay",
        "rev": "0be641045af6d8666c11c2c40e45ffc9667839b5",
        "type": "github"
      },
      "original": {
        "owner": "oxalica",
        "repo": "rust-overlay",
        "type": "github"
      }
    },
    "rust-overlay_3": {
      "inputs": {
        "nixpkgs": "nixpkgs"
      },
      "locked": {
        "lastModified": 1741486734,
        "narHash": "sha256-3hrpyTLNmnJpioVT1DDoVgsp7fWYkuS3JWCtfHsX1rk=",
        "owner": "oxalica",
        "repo": "rust-overlay",
        "rev": "d95582a900bd0e7e516ce3bed0503f742649fffb",
        "type": "github"
      },
      "original": {
        "owner": "oxalica",
        "repo": "rust-overlay",
        "type": "github"
      }
    },
    "sops-nix": {
      "inputs": {
        "nixpkgs": [
          "nixpkgs"
        ]
      },
      "locked": {
        "lastModified": 1758425756,
        "narHash": "sha256-L3N8zV6wsViXiD8i3WFyrvjDdz76g3tXKEdZ4FkgQ+Y=",
        "owner": "Mic92",
        "repo": "sops-nix",
        "rev": "e0fdaea3c31646e252a60b42d0ed8eafdb289762",
        "type": "github"
      },
      "original": {
        "owner": "Mic92",
        "repo": "sops-nix",
        "type": "github"
      }
    },
    "stylix": {
      "inputs": {
        "base16": "base16",
        "base16-fish": "base16-fish",
        "base16-helix": "base16-helix",
        "base16-vim": "base16-vim",
        "firefox-gnome-theme": "firefox-gnome-theme",
        "flake-parts": [
          "flake-parts"
        ],
        "gnome-shell": "gnome-shell",
        "nixpkgs": [
          "nixpkgs"
        ],
        "nur": [],
        "systems": "systems",
        "tinted-foot": "tinted-foot",
        "tinted-kitty": "tinted-kitty",
        "tinted-schemes": "tinted-schemes",
        "tinted-tmux": "tinted-tmux",
        "tinted-zed": "tinted-zed"
      },
      "locked": {
        "lastModified": 1757956156,
        "narHash": "sha256-f0W7qbsCqpi6swQ5w8H+0YrAbNwsHgCFDkNRMTJjqrE=",
        "owner": "nix-community",
        "repo": "stylix",
        "rev": "0ce0103b498bb22f899ed8862d8d7f9503ed9cdb",
        "type": "github"
      },
      "original": {
        "owner": "nix-community",
        "repo": "stylix",
        "type": "github"
      }
    },
    "systems": {
      "locked": {
        "lastModified": 1681028828,
        "narHash": "sha256-Vy1rq5AaRuLzOxct8nz4T6wlgyUR7zLU309k9mBC768=",
        "owner": "nix-systems",
        "repo": "default",
        "rev": "da67096a3b9bf56a91d16901293e51ba5b49a27e",
        "type": "github"
      },
      "original": {
        "owner": "nix-systems",
        "repo": "default",
        "type": "github"
      }
    },
    "systems_2": {
      "locked": {
        "lastModified": 1681028828,
        "narHash": "sha256-Vy1rq5AaRuLzOxct8nz4T6wlgyUR7zLU309k9mBC768=",
        "owner": "nix-systems",
        "repo": "default",
        "rev": "da67096a3b9bf56a91d16901293e51ba5b49a27e",
        "type": "github"
      },
      "original": {
        "owner": "nix-systems",
        "repo": "default",
        "type": "github"
      }
    },
    "tinted-foot": {
      "flake": false,
      "locked": {
        "lastModified": 1726913040,
        "narHash": "sha256-+eDZPkw7efMNUf3/Pv0EmsidqdwNJ1TaOum6k7lngDQ=",
        "owner": "tinted-theming",
        "repo": "tinted-foot",
        "rev": "fd1b924b6c45c3e4465e8a849e67ea82933fcbe4",
        "type": "github"
      },
      "original": {
        "owner": "tinted-theming",
        "repo": "tinted-foot",
        "rev": "fd1b924b6c45c3e4465e8a849e67ea82933fcbe4",
        "type": "github"
      }
    },
    "tinted-kitty": {
      "flake": false,
      "locked": {
        "lastModified": 1735730497,
        "narHash": "sha256-4KtB+FiUzIeK/4aHCKce3V9HwRvYaxX+F1edUrfgzb8=",
        "owner": "tinted-theming",
        "repo": "tinted-kitty",
        "rev": "de6f888497f2c6b2279361bfc790f164bfd0f3fa",
        "type": "github"
      },
      "original": {
        "owner": "tinted-theming",
        "repo": "tinted-kitty",
        "type": "github"
      }
    },
    "tinted-schemes": {
      "flake": false,
      "locked": {
        "lastModified": 1754779259,
        "narHash": "sha256-8KG2lXGaXLUE0F/JVwLQe7kOVm21IDfNEo0gfga5P4M=",
        "owner": "tinted-theming",
        "repo": "schemes",
        "rev": "097d751b9e3c8b97ce158e7d141e5a292545b502",
        "type": "github"
      },
      "original": {
        "owner": "tinted-theming",
        "repo": "schemes",
        "type": "github"
      }
    },
    "tinted-tmux": {
      "flake": false,
      "locked": {
        "lastModified": 1754788770,
        "narHash": "sha256-LAu5nBr7pM/jD9jwFc6/kyFY4h7Us4bZz7dvVvehuwo=",
        "owner": "tinted-theming",
        "repo": "tinted-tmux",
        "rev": "fb2175accef8935f6955503ec9dd3c973eec385c",
        "type": "github"
      },
      "original": {
        "owner": "tinted-theming",
        "repo": "tinted-tmux",
        "type": "github"
      }
    },
    "tinted-zed": {
      "flake": false,
      "locked": {
        "lastModified": 1755613540,
        "narHash": "sha256-zBFrrTxHLDMDX/OYxkCwGGbAhPXLi8FrnLhYLsSOKeY=",
        "owner": "tinted-theming",
        "repo": "base16-zed",
        "rev": "937bada16cd3200bdbd3a2f5776fc3b686d5cba0",
        "type": "github"
      },
      "original": {
        "owner": "tinted-theming",
        "repo": "base16-zed",
        "type": "github"
      }
    },
    "treefmt": {
      "inputs": {
        "nixpkgs": [
          "nixpkgs"
        ]
      },
      "locked": {
        "lastModified": 1758206697,
        "narHash": "sha256-/DbPkh6PZOgfueCbs3uzlk4ASU2nPPsiVWhpMCNkAd0=",
        "owner": "numtide",
        "repo": "treefmt-nix",
        "rev": "128222dc911b8e2e18939537bed1762b7f3a04aa",
        "type": "github"
      },
      "original": {
        "owner": "numtide",
        "repo": "treefmt-nix",
        "type": "github"
      }
    },
    "vpnconfinement": {
      "locked": {
        "lastModified": 1743810720,
        "narHash": "sha256-kbv/W4gizUSa6qH2rUQdgPj9AJaeN9k2XSWUYqj7IMU=",
        "owner": "Maroka-chan",
        "repo": "VPN-Confinement",
        "rev": "74ae51e6d18b972ecc918ab43e8bde60c21a65d8",
        "type": "github"
      },
      "original": {
        "owner": "Maroka-chan",
        "repo": "VPN-Confinement",
        "type": "github"
      }
    },
    "vscode-extensions": {
      "inputs": {
        "flake-utils": [
          "flake-utils"
        ],
        "nixpkgs": [
          "nixpkgs"
        ]
      },
      "locked": {
        "lastModified": 1758506415,
        "narHash": "sha256-nM3vIhN+dRm37VsaDLtnvYrTSJ44RxetY3rzJVT9Z7c=",
        "owner": "nix-community",
        "repo": "nix-vscode-extensions",
        "rev": "d7cdbfe6c5f85827da2e10bc0c093e2808c341ec",
        "type": "github"
      },
      "original": {
        "owner": "nix-community",
        "repo": "nix-vscode-extensions",
        "type": "github"
      }
    },
    "winapps": {
      "inputs": {
        "flake-compat": [
          "flake-compat"
        ],
        "flake-utils": [
          "flake-utils"
        ],
        "nix-filter": "nix-filter",
        "nixpkgs": [
          "nixpkgs"
        ]
      },
      "locked": {
        "lastModified": 1758357807,
        "narHash": "sha256-EN65ItBNKnJ+fz5iL545szN7Rtk4qPjgNeLvlPXlLl4=",
        "owner": "winapps-org",
        "repo": "winapps",
        "rev": "c11a0b872f683883e813e13d3aa5a925a2c08630",
        "type": "github"
      },
      "original": {
        "owner": "winapps-org",
        "repo": "winapps",
        "type": "github"
      }
    }
  },
  "root": "root",
  "version": 7
}
